Microsoft Visual Studio Solution File, Format Version 8.00
Project("{8BC9CEB8-8B4A-11D0-8D11-00A0C91BC942}") = "libfoa", "libfoa.vcproj", "{C31CD0E0-7AB0-4559-BFD0-A6F95226C99F}"
	ProjectSection(ProjectDependencies) = postProject
	EndProjectSection
EndProject
Project("{8BC9CEB8-8B4A-11D0-8D11-00A0C91BC942}") = "example", "example\example.vcproj", "{85870DC4-8308-4048-8004-35E00F717F22}"
	ProjectSection(ProjectDependencies) = postProject
		{C31CD0E0-7AB0-4559-BFD0-A6F95226C99F} = {C31CD0E0-7AB0-4559-BFD0-A6F95226C99F}
	EndProjectSection
EndProject
Global
	GlobalSection(SolutionConfiguration) = preSolution
		Debug = Debug
		Release = Release
	EndGlobalSection
	GlobalSection(ProjectDependencies) = postSolution
	EndGlobalSection
	GlobalSection(ProjectConfiguration) = postSolution
		{C31CD0E0-7AB0-4559-BFD0-A6F95226C99F}.Debug.ActiveCfg = Release|Win32
		{C31CD0E0-7AB0-4559-BFD0-A6F95226C99F}.Debug.Build.0 = Release|Win32
		{C31CD0E0-7AB0-4559-BFD0-A6F95226C99F}.Release.ActiveCfg = Release|Win32
		{C31CD0E0-7AB0-4559-BFD0-A6F95226C99F}.Release.Build.0 = Release|Win32
		{85870DC4-8308-4048-8004-35E00F717F22}.Debug.ActiveCfg = Release|Win32
		{85870DC4-8308-4048-8004-35E00F717F22}.Debug.Build.0 = Release|Win32
		{85870DC4-8308-4048-8004-35E00F717F22}.Release.ActiveCfg = Release|Win32
		{85870DC4-8308-4048-8004-35E00F717F22}.Release.Build.0 = Release|Win32
	EndGlobalSection
	GlobalSection(ExtensibilityGlobals) = postSolution
	EndGlobalSection
	GlobalSection(ExtensibilityAddIns) = postSolution
	EndGlobalSection
EndGlobal
